
Microsoft Visual Studio Solution File, Format Version 12.00
Project("{FAE04EC0-301F-11D3-BF4B-00C04F79EFBC}") = "Project-Data", "Project-Data\Project-Data.csproj", "{34012B14-893F-40D2-B44C-CCA75C0D6ACE}"
EndProject
Project("{FAE04EC0-301F-11D3-BF4B-00C04F79EFBC}") = "WPF", "WPF\WPF.csproj", "{6A2389EA-F14E-4DD9-A9B4-F7D4AE1FC257}"
EndProject
Global
	GlobalSection(SolutionConfigurationPlatforms) = preSolution
		Debug|Any CPU = Debug|Any CPU
		Release|Any CPU = Release|Any CPU
	EndGlobalSection
	GlobalSection(ProjectConfigurationPlatforms) = postSolution
		{34012B14-893F-40D2-B44C-CCA75C0D6ACE}.Debug|Any CPU.ActiveCfg = Debug|Any CPU
		{34012B14-893F-40D2-B44C-CCA75C0D6ACE}.Debug|Any CPU.Build.0 = Debug|Any CPU
		{34012B14-893F-40D2-B44C-CCA75C0D6ACE}.Release|Any CPU.ActiveCfg = Release|Any CPU
		{34012B14-893F-40D2-B44C-CCA75C0D6ACE}.Release|Any CPU.Build.0 = Release|Any CPU
		{6A2389EA-F14E-4DD9-A9B4-F7D4AE1FC257}.Debug|Any CPU.ActiveCfg = Debug|Any CPU
		{6A2389EA-F14E-4DD9-A9B4-F7D4AE1FC257}.Debug|Any CPU.Build.0 = Debug|Any CPU
		{6A2389EA-F14E-4DD9-A9B4-F7D4AE1FC257}.Release|Any CPU.ActiveCfg = Release|Any CPU
		{6A2389EA-F14E-4DD9-A9B4-F7D4AE1FC257}.Release|Any CPU.Build.0 = Release|Any CPU
	EndGlobalSection
EndGlobal
